
Microsoft Visual Studio Solution File, Format Version 12.00
# Visual Studio Version 17
VisualStudioVersion = 17.7.34221.43
MinimumVisualStudioVersion = 10.0.40219.1
Project("{FAE04EC0-301F-11D3-BF4B-00C04F79EFBC}") = "FirstApp", "FirstApp.csproj", "{2557AF81-8C34-4A22-B92A-B96AB5501995}"
EndProject
Global
	GlobalSection(SolutionConfigurationPlatforms) = preSolution
		Debug|Any CPU = Debug|Any CPU
		Release|Any CPU = Release|Any CPU
	EndGlobalSection
	GlobalSection(ProjectConfigurationPlatforms) = postSolution
		{2557AF81-8C34-4A22-B92A-B96AB5501995}.Debug|Any CPU.ActiveCfg = Debug|Any CPU
		{2557AF81-8C34-4A22-B92A-B96AB5501995}.Debug|Any CPU.Build.0 = Debug|Any CPU
		{2557AF81-8C34-4A22-B92A-B96AB5501995}.Release|Any CPU.ActiveCfg = Release|Any CPU
		{2557AF81-8C34-4A22-B92A-B96AB5501995}.Release|Any CPU.Build.0 = Release|Any CPU
	EndGlobalSection
	GlobalSection(SolutionProperties) = preSolution
		HideSolutionNode = FALSE
	EndGlobalSection
	GlobalSection(ExtensibilityGlobals) = postSolution
		SolutionGuid = {DB9C148D-6271-4ED5-85CD-D8B780BEF9EE}
	EndGlobalSection
EndGlobal
